Microsoft Visual Studio Solution File, Format Version 12.00
# Visual Studio Version 17
VisualStudioVersion = 17.14.36301.6 d17.14
MinimumVisualStudioVersion = 10.0.40219.1

Project("{FAE04EC0-301F-11D3-BF4B-00C04F79EFBC}") = "WorldCities.Server", "WorldCities.Server\WorldCities.Server.csproj", "{CA6CEDA6-862B-4C7A-97BE-3A66E591457F}"
EndProject

Project("{54A90642-561A-4BB1-A94E-469ADEE60C69}") = "worldcities.client", "worldcities.client\worldcities.client.esproj", "{943D58A2-94AB-298F-90D2-2C222E20E5C3}"
EndProject

Global
	GlobalSection(SolutionConfigurationPlatforms) = preSolution
		Debug|Any CPU = Debug|Any CPU
		Release|Any CPU = Release|Any CPU
	EndGlobalSection
	GlobalSection(ProjectConfigurationPlatforms) = postSolution
		{943D58A2-94AB-298F-90D2-2C222E20E5C3}.Debug|Any CPU.ActiveCfg = Debug|Any CPU
		{943D58A2-94AB-298F-90D2-2C222E20E5C3}.Debug|Any CPU.Build.0 = Debug|Any CPU
		{943D58A2-94AB-298F-90D2-2C222E20E5C3}.Debug|Any CPU.Deploy.0 = Debug|Any CPU
		{943D58A2-94AB-298F-90D2-2C222E20E5C3}.Release|Any CPU.ActiveCfg = Release|Any CPU
		{943D58A2-94AB-298F-90D2-2C222E20E5C3}.Release|Any CPU.Build.0 = Release|Any CPU
		{943D58A2-94AB-298F-90D2-2C222E20E5C3}.Release|Any CPU.Deploy.0 = Release|Any CPU
		{CA6CEDA6-862B-4C7A-97BE-3A66E591457F}.Debug|Any CPU.ActiveCfg = Debug|Any CPU
		{CA6CEDA6-862B-4C7A-97BE-3A66E591457F}.Debug|Any CPU.Build.0 = Debug|Any CPU
		{CA6CEDA6-862B-4C7A-97BE-3A66E591457F}.Release|Any CPU.ActiveCfg = Release|Any CPU
		{CA6CEDA6-862B-4C7A-97BE-3A66E591457F}.Release|Any CPU.Build.0 = Release|Any CPU
	EndGlobalSection
	GlobalSection(SolutionProperties) = preSolution
		HideSolutionNode = FALSE
	EndGlobalSection
	GlobalSection(ExtensibilityGlobals) = postSolution
		SolutionGuid = {BF9CCAA5-96FD-44C3-B636-EB5AB88ACCDD}
	EndGlobalSection
EndGlobal
